
Microsoft Visual Studio Solution File, Format Version 12.00
# Visual Studio 15
VisualStudioVersion = 15.0.28307.489
MinimumVisualStudioVersion = 10.0.40219.1
Project("{8BC9CEB8-8B4A-11D0-8D11-00A0C91BC942}") = "Alocare dinamica 1", "Alocare dinamica 1\Alocare dinamica 1.vcxproj", "{D421E683-7577-4A6C-980F-596B6423D34B}"
EndProject
Global
	GlobalSection(SolutionConfigurationPlatforms) = preSolution
		Debug|x64 = Debug|x64
		Debug|x86 = Debug|x86
		Release|x64 = Release|x64
		Release|x86 = Release|x86
	EndGlobalSection
	GlobalSection(ProjectConfigurationPlatforms) = postSolution
		{D421E683-7577-4A6C-980F-596B6423D34B}.Debug|x64.ActiveCfg = Debug|x64
		{D421E683-7577-4A6C-980F-596B6423D34B}.Debug|x64.Build.0 = Debug|x64
		{D421E683-7577-4A6C-980F-596B6423D34B}.Debug|x86.ActiveCfg = Debug|Win32
		{D421E683-7577-4A6C-980F-596B6423D34B}.Debug|x86.Build.0 = Debug|Win32
		{D421E683-7577-4A6C-980F-596B6423D34B}.Release|x64.ActiveCfg = Release|x64
		{D421E683-7577-4A6C-980F-596B6423D34B}.Release|x64.Build.0 = Release|x64
		{D421E683-7577-4A6C-980F-596B6423D34B}.Release|x86.ActiveCfg = Release|Win32
		{D421E683-7577-4A6C-980F-596B6423D34B}.Release|x86.Build.0 = Release|Win32
	EndGlobalSection
	GlobalSection(SolutionProperties) = preSolution
		HideSolutionNode = FALSE
	EndGlobalSection
	GlobalSection(ExtensibilityGlobals) = postSolution
		SolutionGuid = {13CCE4C1-C114-4BE0-A845-85CE7AD463C5}
	EndGlobalSection
EndGlobal
